// !$*UTF8*$!
{
	archiveVersion = 1;
	classes = {
	};
	objectVersion = 46;
	objects = {

/* Begin PBXBuildFile section */
		363C37C01B4CCF5C00D67FE6 /* main.m in Sources */ = {isa = PBXBuildFile; fileRef = 363C37BF1B4CCF5C00D67FE6 /* main.m */; };
		363C37C31B4CCF5C00D67FE6 /* AppDelegate.m in Sources */ = {isa = PBXBuildFile; fileRef = 363C37C21B4CCF5C00D67FE6 /* AppDelegate.m */; };
		363C37C61B4CCF5C00D67FE6 /* ViewController.m in Sources */ = {isa = PBXBuildFile; fileRef = 363C37C51B4CCF5C00D67FE6 /* ViewController.m */; };
		363C37C91B4CCF5C00D67FE6 /* Main.storyboard in Resources */ = {isa = PBXBuildFile; fileRef = 363C37C71B4CCF5C00D67FE6 /* Main.storyboard */; };
		363C37CB1B4CCF5C00D67FE6 /* Images.xcassets in Resources */ = {isa = PBXBuildFile; fileRef = 363C37CA1B4CCF5C00D67FE6 /* Images.xcassets */; };
		363C37CE1B4CCF5C00D67FE6 /* LaunchScreen.xib in Resources */ = {isa = PBXBuildFile; fileRef = 363C37CC1B4CCF5C00D67FE6 /* LaunchScreen.xib */; };
		363C37DA1B4CCF5C00D67FE6 /* textTests.m in Sources */ = {isa = PBXBuildFile; fileRef = 363C37D91B4CCF5C00D67FE6 /* textTests.m */; };
/* End PBXBuildFile section */

/* Begin PBXContainerItemProxy section */
		363C37D41B4CCF5C00D67FE6 /* PBXContainerItemProxy */ = {
			isa = PBXContainerItemProxy;
			containerPortal = 363C37B21B4CCF5C00D67FE6 /* Project object */;
			proxyType = 1;
			remoteGlobalIDString = 363C37B91B4CCF5C00D67FE6;
			remoteInfo = text;
		};
/* End PBXContainerItemProxy section */

/* Begin PBXFileReference section */
		363C37BA1B4CCF5C00D67FE6 /* text.app */ = {isa = PBXFileReference; explicitFileType = wrapper.application; includeInIndex = 0; path = text.app; sourceTree = BUILT_PRODUCTS_DIR; };
		363C37BE1B4CCF5C00D67FE6 /* Info.plist */ = {isa = PBXFileReference; lastKnownFileType = text.plist.xml; path = Info.plist; sourceTree = "<group>"; };
		363C37BF1B4CCF5C00D67FE6 /* main.m */ = {isa = PBXFileReference; lastKnownFileType = sourcecode.c.objc; path = main.m; sourceTree = "<group>"; };
		363C37C11B4CCF5C00D67FE6 /* AppDelegate.h */ = {isa = PBXFileReference; lastKnownFileType = sourcecode.c.h; path = AppDelegate.h; sourceTree = "<group>"; };
		363C37C21B4CCF5C00D67FE6 /* AppDelegate.m */ = {isa = PBXFileReference; lastKnownFileType = sourcecode.c.objc; path = AppDelegate.m; sourceTree = "<group>"; };
		363C37C41B4CCF5C00D67FE6 /* ViewController.h */ = {isa = PBXFileReference; lastKnownFileType = sourcecode.c.h; path = ViewController.h; sourceTree = "<group>"; };
		363C37C51B4CCF5C00D67FE6 /* ViewController.m */ = {isa = PBXFileReference; lastKnownFileType = sourcecode.c.objc; path = ViewController.m; sourceTree = "<group>"; };
		363C37C81B4CCF5C00D67FE6 /* Base */ = {isa = PBXFileReference; lastKnownFileType = file.storyboard; name = Base; path = Base.lproj/Main.storyboard; sourceTree = "<group>"; };
		363C37CA1B4CCF5C00D67FE6 /* Images.xcassets */ = {isa = PBXFileReference; lastKnownFileType = folder.assetcatalog; path = Images.xcassets; sourceTree = "<group>"; };
		363C37CD1B4CCF5C00D67FE6 /* Base */ = {isa = PBXFileReference; lastKnownFileType = file.xib; name = Base; path = Base.lproj/LaunchScreen.xib; sourceTree = "<group>"; };
		363C37D31B4CCF5C00D67FE6 /* textTests.xctest */ = {isa = PBXFileReference; explicitFileType = wrapper.cfbundle; includeInIndex = 0; path = textTests.xctest; sourceTree = BUILT_PRODUCTS_DIR; };
		363C37D81B4CCF5C00D67FE6 /* Info.plist */ = {isa = PBXFileReference; lastKnownFileType = text.plist.xml; path = Info.plist; sourceTree = "<group>"; };
		363C37D91B4CCF5C00D67FE6 /* textTests.m */ = {isa = PBXFileReference; lastKnownFileType = sourcecode.c.objc; path = textTests.m; sourceTree = "<group>"; };
/* End PBXFileReference section */

/* Begin PBXFrameworksBuildPhase section */
		363C37B71B4CCF5C00D67FE6 /* Frameworks */ = {
			isa = PBXFrameworksBuildPhase;
			buildActionMask = 2147483647;
			files = (
			);
			runOnlyForDeploymentPostprocessing = 0;
		};
		363C37D01B4CCF5C00D67FE6 /* Frameworks */ = {
			isa = PBXFrameworksBuildPhase;
			buildActionMask = 2147483647;
			files = (
			);
			runOnlyForDeploymentPostprocessing = 0;
		};
/* End PBXFrameworksBuildPhase section */

/* Begin PBXGroup section */
		363C37B11B4CCF5C00D67FE6 = {
			isa = PBXGroup;
			children = (
				363C37BC1B4CCF5C00D67FE6 /* text */,
				363C37D61B4CCF5C00D67FE6 /* textTests */,
				363C37BB1B4CCF5C00D67FE6 /* Products */,
			);
			sourceTree = "<group>";
		};
		363C37BB1B4CCF5C00D67FE6 /* Products */ = {
			isa = PBXGroup;
			children = (
				363C37BA1B4CCF5C00D67FE6 /* text.app */,
				363C37D31B4CCF5C00D67FE6 /* textTests.xctest */,
			);
			name = Products;
			sourceTree = "<group>";
		};
		363C37BC1B4CCF5C00D67FE6 /* text */ = {
			isa = PBXGroup;
			children = (
				363C37C11B4CCF5C00D67FE6 /* AppDelegate.h */,
				363C37C21B4CCF5C00D67FE6 /* AppDelegate.m */,
				363C37C41B4CCF5C00D67FE6 /* ViewController.h */,
				363C37C51B4CCF5C00D67FE6 /* ViewController.m */,
				363C37C71B4CCF5C00D67FE6 /* Main.storyboard */,
				363C37CA1B4CCF5C00D67FE6 /* Images.xcassets */,
				363C37CC1B4CCF5C00D67FE6 /* LaunchScreen.xib */,
				363C37BD1B4CCF5C00D67FE6 /* Supporting Files */,
			);
			path = text;
			sourceTree = "<group>";
		};
		363C37BD1B4CCF5C00D67FE6 /* Supporting Files */ = {
			isa = PBXGroup;
			children = (
				363C37BE1B4CCF5C00D67FE6 /* Info.plist */,
				363C37BF1B4CCF5C00D67FE6 /* main.m */,
			);
			name = "Supporting Files";
			sourceTree = "<group>";
		};
		363C37D61B4CCF5C00D67FE6 /* textTests */ = {
			isa = PBXGroup;
			children = (
				363C37D91B4CCF5C00D67FE6 /* textTests.m */,
				363C37D71B4CCF5C00D67FE6 /* Supporting Files */,
			);
			path = textTests;
			sourceTree = "<group>";
		};
		363C37D71B4CCF5C00D67FE6 /* Supporting Files */ = {
			isa = PBXGroup;
			children = (
				363C37D81B4CCF5C00D67FE6 /* Info.plist */,
			);
			name = "Supporting Files";
			sourceTree = "<group>";
		};
/* End PBXGroup section */

/* Begin PBXNativeTarget section */
		363C37B91B4CCF5C00D67FE6 /* text */ = {
			isa = PBXNativeTarget;
			buildConfigurationList = 363C37DD1B4CCF5C00D67FE6 /* Build configuration list for PBXNativeTarget "text" */;
			buildPhases = (
				363C37B61B4CCF5C00D67FE6 /* Sources */,
				363C37B71B4CCF5C00D67FE6 /* Frameworks */,
				363C37B81B4CCF5C00D67FE6 /* Resources */,
			);
			buildRules = (
			);
			dependencies = (
			);
			name = text;
			productName = text;
			productReference = 363C37BA1B4CCF5C00D67FE6 /* text.app */;
			productType = "com.apple.product-type.application";
		};
		363C37D21B4CCF5C00D67FE6 /* textTests */ = {
			isa = PBXNativeTarget;
			buildConfigurationList = 363C37E01B4CCF5C00D67FE6 /* Build configuration list for PBXNativeTarget "textTests" */;
			buildPhases = (
				363C37CF1B4CCF5C00D67FE6 /* Sources */,
				363C37D01B4CCF5C00D67FE6 /* Frameworks */,
				363C37D11B4CCF5C00D67FE6 /* Resources */,
			);
			buildRules = (
			);
			dependencies = (
				363C37D51B4CCF5C00D67FE6 /* PBXTargetDependency */,
			);
			name = textTests;
			productName = textTests;
			productReference = 363C37D31B4CCF5C00D67FE6 /* textTests.xctest */;
			productType = "com.apple.product-type.bundle.unit-test";
		};
/* End PBXNativeTarget section */

/* Begin PBXProject section */
		363C37B21B4CCF5C00D67FE6 /* Project object */ = {
			isa = PBXProject;
			attributes = {
				LastUpgradeCheck = 0610;
				ORGANIZATIONNAME = wb;
				TargetAttributes = {
					363C37B91B4CCF5C00D67FE6 = {
						CreatedOnToolsVersion = 6.1.1;
					};
					363C37D21B4CCF5C00D67FE6 = {
						CreatedOnToolsVersion = 6.1.1;
						TestTargetID = 363C37B91B4CCF5C00D67FE6;
					};
				};
			};
			buildConfigurationList = 363C37B51B4CCF5C00D67FE6 /* Build configuration list for PBXProject "text" */;
			compatibilityVersion = "Xcode 3.2";
			developmentRegion = English;
			hasScannedForEncodings = 0;
			knownRegions = (
				en,
				Base,
			);
			mainGroup = 363C37B11B4CCF5C00D67FE6;
			productRefGroup = 363C37BB1B4CCF5C00D67FE6 /* Products */;
			projectDirPath = "";
			projectRoot = "";
			targets = (
				363C37B91B4CCF5C00D67FE6 /* text */,
				363C37D21B4CCF5C00D67FE6 /* textTests */,
			);
		};
/* End PBXProject section */

/* Begin PBXResourcesBuildPhase section */
		363C37B81B4CCF5C00D67FE6 /* Resources */ = {
			isa = PBXResourcesBuildPhase;
			buildActionMask = 2147483647;
			files = (
				363C37C91B4CCF5C00D67FE6 /* Main.storyboard in Resources */,
				363C37CE1B4CCF5C00D67FE6 /* LaunchScreen.xib in Resources */,
				363C37CB1B4CCF5C00D67FE6 /* Images.xcassets in Resources */,
			);
			runOnlyForDeploymentPostprocessing = 0;
		};
		363C37D11B4CCF5C00D67FE6 /* Resources */ = {
			isa = PBXResourcesBuildPhase;
			buildActionMask = 2147483647;
			files = (
			);
			runOnlyForDeploymentPostprocessing = 0;
		};
/* End PBXResourcesBuildPhase section */

/* Begin PBXSourcesBuildPhase section */
		363C37B61B4CCF5C00D67FE6 /* Sources */ = {
			isa = PBXSourcesBuildPhase;
			buildActionMask = 2147483647;
			files = (
				363C37C61B4CCF5C00D67FE6 /* ViewController.m in Sources */,
				363C37C31B4CCF5C00D67FE6 /* AppDelegate.m in Sources */,
				363C37C01B4CCF5C00D67FE6 /* main.m in Sources */,
			);
			runOnlyForDeploymentPostprocessing = 0;
		};
		363C37CF1B4CCF5C00D67FE6 /* Sources */ = {
			isa = PBXSourcesBuildPhase;
			buildActionMask = 2147483647;
			files = (
				363C37DA1B4CCF5C00D67FE6 /* textTests.m in Sources */,
			);
			runOnlyForDeploymentPostprocessing = 0;
		};
/* End PBXSourcesBuildPhase section */

/* Begin PBXTargetDependency section */
		363C37D51B4CCF5C00D67FE6 /* PBXTargetDependency */ = {
			isa = PBXTargetDependency;
			target = 363C37B91B4CCF5C00D67FE6 /* text */;
			targetProxy = 363C37D41B4CCF5C00D67FE6 /* PBXContainerItemProxy */;
		};
/* End PBXTargetDependency section */

/* Begin PBXVariantGroup section */
		363C37C71B4CCF5C00D67FE6 /* Main.storyboard */ = {
			isa = PBXVariantGroup;
			children = (
				363C37C81B4CCF5C00D67FE6 /* Base */,
			);
			name = Main.storyboard;
			sourceTree = "<group>";
		};
		363C37CC1B4CCF5C00D67FE6 /* LaunchScreen.xib */ = {
			isa = PBXVariantGroup;
			children = (
				363C37CD1B4CCF5C00D67FE6 /* Base */,
			);
			name = LaunchScreen.xib;
			sourceTree = "<group>";
		};
/* End PBXVariantGroup section */

/* Begin XCBuildConfiguration section */
		363C37DB1B4CCF5C00D67FE6 /* Debug */ = {
			isa = XCBuildConfiguration;
			buildSettings = {
				ALWAYS_SEARCH_USER_PATHS = NO;
				CLANG_CXX_LANGUAGE_STANDARD = "gnu++0x";
				CLANG_CXX_LIBRARY = "libc++";
				CLANG_ENABLE_MODULES = YES;
				CLANG_ENABLE_OBJC_ARC = YES;
				CLANG_WARN_BOOL_CONVERSION = YES;
				CLANG_WARN_CONSTANT_CONVERSION = YES;
				CLANG_WARN_DIRECT_OBJC_ISA_USAGE = YES_ERROR;
				CLANG_WARN_EMPTY_BODY = YES;
				CLANG_WARN_ENUM_CONVERSION = YES;
				CLANG_WARN_INT_CONVERSION = YES;
				CLANG_WARN_OBJC_ROOT_CLASS = YES_ERROR;
				CLANG_WARN_UNREACHABLE_CODE = YES;
				CLANG_WARN__DUPLICATE_METHOD_MATCH = YES;
				"CODE_SIGN_IDENTITY[sdk=iphoneos*]" = "iPhone Developer";
				COPY_PHASE_STRIP = NO;
				ENABLE_STRICT_OBJC_MSGSEND = YES;
				GCC_C_LANGUAGE_STANDARD = gnu99;
				GCC_DYNAMIC_NO_PIC = NO;
				GCC_OPTIMIZATION_LEVEL = 0;
				GCC_PREPROCESSOR_DEFINITIONS = (
					"DEBUG=1",
					"$(inherited)",
				);
				GCC_SYMBOLS_PRIVATE_EXTERN = NO;
				GCC_WARN_64_TO_32_BIT_CONVERSION = YES;
				GCC_WARN_ABOUT_RETURN_TYPE = YES_ERROR;
				GCC_WARN_UNDECLARED_SELECTOR = YES;
				GCC_WARN_UNINITIALIZED_AUTOS = YES_AGGRESSIVE;
				GCC_WARN_UNUSED_FUNCTION = YES;
				GCC_WARN_UNUSED_VARIABLE = YES;
				IPHONEOS_DEPLOYMENT_TARGET = 8.1;
				MTL_ENABLE_DEBUG_INFO = YES;
				ONLY_ACTIVE_ARCH = YES;
				SDKROOT = iphoneos;
			};
			name = Debug;
		};
		363C37DC1B4CCF5C00D67FE6 /* Release */ = {
			isa = XCBuildConfiguration;
			buildSettings = {
				ALWAYS_SEARCH_USER_PATHS = NO;
				CLANG_CXX_LANGUAGE_STANDARD = "gnu++0x";
				CLANG_CXX_LIBRARY = "libc++";
				CLANG_ENABLE_MODULES = YES;
				CLANG_ENABLE_OBJC_ARC = YES;
				CLANG_WARN_BOOL_CONVERSION = YES;
				CLANG_WARN_CONSTANT_CONVERSION = YES;
				CLANG_WARN_DIRECT_OBJC_ISA_USAGE = YES_ERROR;
				CLANG_WARN_EMPTY_BODY = YES;
				CLANG_WARN_ENUM_CONVERSION = YES;
				CLANG_WARN_INT_CONVERSION = YES;
				CLANG_WARN_OBJC_ROOT_CLASS = YES_ERROR;
				CLANG_WARN_UNREACHABLE_CODE = YES;
				CLANG_WARN__DUPLICATE_METHOD_MATCH = YES;
				"CODE_SIGN_IDENTITY[sdk=iphoneos*]" = "iPhone Developer";
				COPY_PHASE_STRIP = YES;
				ENABLE_NS_ASSERTIONS = NO;
				ENABLE_STRICT_OBJC_MSGSEND = YES;
				GCC_C_LANGUAGE_STANDARD = gnu99;
				GCC_WARN_64_TO_32_BIT_CONVERSION = YES;
				GCC_WARN_ABOUT_RETURN_TYPE = YES_ERROR;
				GCC_WARN_UNDECLARED_SELECTOR = YES;
				GCC_WARN_UNINITIALIZED_AUTOS = YES_AGGRESSIVE;
				GCC_WARN_UNUSED_FUNCTION = YES;
				GCC_WARN_UNUSED_VARIABLE = YES;
				IPHONEOS_DEPLOYMENT_TARGET = 8.1;
				MTL_ENABLE_DEBUG_INFO = NO;
				SDKROOT = iphoneos;
				VALIDATE_PRODUCT = YES;
			};
			name = Release;
		};
		363C37DE1B4CCF5C00D67FE6 /* Debug */ = {
			isa = XCBuildConfiguration;
			buildSettings = {
				ASSETCATALOG_COMPILER_APPICON_NAME = AppIcon;
				INFOPLIST_FILE = text/Info.plist;
				LD_RUNPATH_SEARCH_PATHS = "$(inherited) @executable_path/Frameworks";
				PRODUCT_NAME = "$(TARGET_NAME)";
			};
			name = Debug;
		};
		363C37DF1B4CCF5C00D67FE6 /* Release */ = {
			isa = XCBuildConfiguration;
			buildSettings = {
				ASSETCATALOG_COMPILER_APPICON_NAME = AppIcon;
				INFOPLIST_FILE = text/Info.plist;
				LD_RUNPATH_SEARCH_PATHS = "$(inherited) @executable_path/Frameworks";
				PRODUCT_NAME = "$(TARGET_NAME)";
			};
			name = Release;
		};
		363C37E11B4CCF5C00D67FE6 /* Debug */ = {
			isa = XCBuildConfiguration;
			buildSettings = {
				BUNDLE_LOADER = "$(TEST_HOST)";
				FRAMEWORK_SEARCH_PATHS = (
					"$(SDKROOT)/Developer/Library/Frameworks",
					"$(inherited)",
				);
				GCC_PREPROCESSOR_DEFINITIONS = (
					"DEBUG=1",
					"$(inherited)",
				);
				INFOPLIST_FILE = textTests/Info.plist;
				LD_RUNPATH_SEARCH_PATHS = "$(inherited) @executable_path/Frameworks @loader_path/Frameworks";
				PRODUCT_NAME = "$(TARGET_NAME)";
				TEST_HOST = "$(BUILT_PRODUCTS_DIR)/text.app/text";
			};
			name = Debug;
		};
		363C37E21B4CCF5C00D67FE6 /* Release */ = {
			isa = XCBuildConfiguration;
			buildSettings = {
				BUNDLE_LOADER = "$(TEST_HOST)";
				FRAMEWORK_SEARCH_PATHS = (
					"$(SDKROOT)/Developer/Library/Frameworks",
					"$(inherited)",
				);
				INFOPLIST_FILE = textTests/Info.plist;
				LD_RUNPATH_SEARCH_PATHS = "$(inherited) @executable_path/Frameworks @loader_path/Frameworks";
				PRODUCT_NAME = "$(TARGET_NAME)";
				TEST_HOST = "$(BUILT_PRODUCTS_DIR)/text.app/text";
			};
			name = Release;
		};
/* End XCBuildConfiguration section */

/* Begin XCConfigurationList section */
		363C37B51B4CCF5C00D67FE6 /* Build configuration list for PBXProject "text" */ = {
			isa = XCConfigurationList;
			buildConfigurations = (
				363C37DB1B4CCF5C00D67FE6 /* Debug */,
				363C37DC1B4CCF5C00D67FE6 /* Release */,
			);
			defaultConfigurationIsVisible = 0;
			defaultConfigurationName = Release;
		};
		363C37DD1B4CCF5C00D67FE6 /* Build configuration list for PBXNativeTarget "text" */ = {
			isa = XCConfigurationList;
			buildConfigurations = (
				363C37DE1B4CCF5C00D67FE6 /* Debug */,
				363C37DF1B4CCF5C00D67FE6 /* Release */,
			);
			defaultConfigurationIsVisible = 0;
		};
		363C37E01B4CCF5C00D67FE6 /* Build configuration list for PBXNativeTarget "textTests" */ = {
			isa = XCConfigurationList;
			buildConfigurations = (
				363C37E11B4CCF5C00D67FE6 /* Debug */,
				363C37E21B4CCF5C00D67FE6 /* Release */,
			);
			defaultConfigurationIsVisible = 0;
		};
/* End XCConfigurationList section */
	};
	rootObject = 363C37B21B4CCF5C00D67FE6 /* Project object */;
}
